# This file is automatically @generated by Cargo.
# It is not intended for manual editing.
version = 4

[[package]]
name = "demo_parallelization"
version = "0.1.0"
dependencies = [
 "orx-parallel",
 "orx-split-vec 3.17.0",
]

[[package]]
name = "orx-concurrent-bag"
version = "2.12.0"
source = "registry+https://github.com/rust-lang/crates.io-index"
checksum = "f156623074563cd287cefadd2b623377f955866c50f06a1d9a5a2874bf085e38"
dependencies = [
 "orx-fixed-vec 3.17.0 (registry+https://github.com/rust-lang/crates.io-index)",
 "orx-pinned-concurrent-col",
 "orx-pinned-vec",
 "orx-pseudo-default",
 "orx-split-vec 3.17.0 (registry+https://github.com/rust-lang/crates.io-index)",
]

[[package]]
name = "orx-concurrent-iter"
version = "2.2.0"
source = "registry+https://github.com/rust-lang/crates.io-index"
checksum = "a9c7567a3f51c144ea6e55e0c7e4a26039d22d8948c268f5244c539aa84d2e67"
dependencies = [
 "orx-iterable",
 "orx-pseudo-default",
]

[[package]]
name = "orx-concurrent-iter"
version = "2.3.0"
dependencies = [
 "orx-iterable",
 "orx-pseudo-default",
]

[[package]]
name = "orx-concurrent-ordered-bag"
version = "2.12.0"
source = "registry+https://github.com/rust-lang/crates.io-index"
checksum = "82b21bc1434394aac1461d91d74d87279370227ea42852a4990aa85324644c6e"
dependencies = [
 "orx-fixed-vec 3.17.0 (registry+https://github.com/rust-lang/crates.io-index)",
 "orx-pinned-concurrent-col",
 "orx-pinned-vec",
 "orx-split-vec 3.17.0 (registry+https://github.com/rust-lang/crates.io-index)",
]

[[package]]
name = "orx-fixed-vec"
version = "3.17.0"
dependencies = [
 "orx-concurrent-iter 2.3.0",
 "orx-iterable",
 "orx-pinned-vec",
 "orx-pseudo-default",
]

[[package]]
name = "orx-fixed-vec"
version = "3.17.0"
source = "registry+https://github.com/rust-lang/crates.io-index"
checksum = "bf1694c28d604fe9139aeeec1ce20e091c1e7a58beb0e444f23b2cd95ed781e0"
dependencies = [
 "orx-concurrent-iter 2.2.0",
 "orx-iterable",
 "orx-pinned-vec",
 "orx-pseudo-default",
]

[[package]]
name = "orx-iterable"
version = "1.3.0"
source = "registry+https://github.com/rust-lang/crates.io-index"
checksum = "dfa2cb3f82a187c68835faac9cf03faaee70b93f4da3b85515ac1b4c6f8a432d"
dependencies = [
 "orx-self-or",
]

[[package]]
name = "orx-parallel"
version = "2.2.0"
dependencies = [
 "orx-concurrent-bag",
 "orx-concurrent-iter 2.3.0",
 "orx-concurrent-ordered-bag",
 "orx-fixed-vec 3.17.0",
 "orx-iterable",
 "orx-pinned-concurrent-col",
 "orx-pinned-vec",
 "orx-priority-queue",
 "orx-pseudo-default",
 "orx-split-vec 3.17.0",
]

[[package]]
name = "orx-pinned-concurrent-col"
version = "2.13.0"
source = "registry+https://github.com/rust-lang/crates.io-index"
checksum = "54a78c53b0f313be2663e525cf8cdba2e66e58b755247dc920bd8eb324071432"
dependencies = [
 "orx-fixed-vec 3.17.0 (registry+https://github.com/rust-lang/crates.io-index)",
 "orx-pinned-vec",
 "orx-pseudo-default",
 "orx-split-vec 3.17.0 (registry+https://github.com/rust-lang/crates.io-index)",
]

[[package]]
name = "orx-pinned-vec"
version = "3.16.0"
source = "registry+https://github.com/rust-lang/crates.io-index"
checksum = "2707ef8045673419bec5b92a3073b0066fed6d42b1f1be07aa50201fd3cb4e92"
dependencies = [
 "orx-iterable",
 "orx-pseudo-default",
]

[[package]]
name = "orx-priority-queue"
version = "1.7.0"
source = "registry+https://github.com/rust-lang/crates.io-index"
checksum = "8706de0d8349fc6e720343aca4b28aad38010d0bc966a4bc573df0beaed99091"

[[package]]
name = "orx-pseudo-default"
version = "2.1.0"
source = "registry+https://github.com/rust-lang/crates.io-index"
checksum = "34eaace9ae01f7025804fbca40ec45b87c19ba0328d97195e01c6135897762a8"

[[package]]
name = "orx-self-or"
version = "1.2.0"
source = "registry+https://github.com/rust-lang/crates.io-index"
checksum = "67a8e35dfe18921e475b9861266fd58a5ecfd681161f242d24a9e2d1e07fbc28"

[[package]]
name = "orx-split-vec"
version = "3.17.0"
dependencies = [
 "orx-concurrent-iter 2.3.0",
 "orx-iterable",
 "orx-pinned-vec",
 "orx-pseudo-default",
]

[[package]]
name = "orx-split-vec"
version = "3.17.0"
source = "registry+https://github.com/rust-lang/crates.io-index"
checksum = "20887c6f134a4346e96db3c0235576b6a7ff3b10030f3a64a0d306235ee9adfe"
dependencies = [
 "orx-concurrent-iter 2.2.0",
 "orx-iterable",
 "orx-pinned-vec",
 "orx-pseudo-default",
]
