# This file is automatically @generated by Cargo.
# It is not intended for manual editing.
version = 4

[[package]]
name = "demo_parallelization"
version = "0.1.0"
dependencies = [
 "orx-parallel",
 "orx-split-vec 3.18.0",
]

[[package]]
name = "orx-concurrent-bag"
version = "3.0.0"
source = "registry+https://github.com/rust-lang/crates.io-index"
checksum = "c877d075fc87b367a7c2f4ca2c09b405d1ba879263e19403ba91899e79c9f308"
dependencies = [
 "orx-fixed-vec",
 "orx-pinned-concurrent-col",
 "orx-pinned-vec",
 "orx-pseudo-default",
 "orx-split-vec 3.18.0 (registry+https://github.com/rust-lang/crates.io-index)",
]

[[package]]
name = "orx-concurrent-iter"
version = "2.3.0"
source = "registry+https://github.com/rust-lang/crates.io-index"
checksum = "8f13e613c1f32c5afb3cabcd86281380706563add1e5685ad715e76b38f85b31"
dependencies = [
 "orx-iterable",
 "orx-pseudo-default",
]

[[package]]
name = "orx-concurrent-iter"
version = "3.1.0"
source = "registry+https://github.com/rust-lang/crates.io-index"
checksum = "31485aa02a0ad52d390951a44f3212bfb9dbf06f6e2c8b4265dc2966d5faf85c"
dependencies = [
 "orx-iterable",
 "orx-pseudo-default",
]

[[package]]
name = "orx-concurrent-ordered-bag"
version = "3.0.0"
source = "registry+https://github.com/rust-lang/crates.io-index"
checksum = "041246cd17f02370eaec82591a2c47851500897e0d362f5f670b66a455d797c9"
dependencies = [
 "orx-fixed-vec",
 "orx-pinned-concurrent-col",
 "orx-pinned-vec",
 "orx-split-vec 3.18.0 (registry+https://github.com/rust-lang/crates.io-index)",
]

[[package]]
name = "orx-fixed-vec"
version = "3.18.0"
source = "registry+https://github.com/rust-lang/crates.io-index"
checksum = "eac2256b477caf926e154327216db53826598a7ba6a7105a41733cd52ccf56ef"
dependencies = [
 "orx-concurrent-iter 2.3.0",
 "orx-iterable",
 "orx-pinned-vec",
 "orx-pseudo-default",
]

[[package]]
name = "orx-iterable"
version = "1.3.0"
source = "registry+https://github.com/rust-lang/crates.io-index"
checksum = "dfa2cb3f82a187c68835faac9cf03faaee70b93f4da3b85515ac1b4c6f8a432d"
dependencies = [
 "orx-self-or",
]

[[package]]
name = "orx-parallel"
version = "3.2.0"
source = "registry+https://github.com/rust-lang/crates.io-index"
checksum = "ea9a8c400b04816829d27ca75fbb64a1ca16354f26c72830ac023b078ff840bf"
dependencies = [
 "orx-concurrent-bag",
 "orx-concurrent-iter 3.1.0",
 "orx-concurrent-ordered-bag",
 "orx-fixed-vec",
 "orx-iterable",
 "orx-pinned-concurrent-col",
 "orx-pinned-vec",
 "orx-priority-queue",
 "orx-pseudo-default",
 "orx-split-vec 3.18.0 (registry+https://github.com/rust-lang/crates.io-index)",
]

[[package]]
name = "orx-pinned-concurrent-col"
version = "2.14.0"
source = "registry+https://github.com/rust-lang/crates.io-index"
checksum = "b6a073fc7fabc32eec4ed9ff4cac154113e9a41aa04b8ede99c331b1e3d10706"
dependencies = [
 "orx-fixed-vec",
 "orx-pinned-vec",
 "orx-pseudo-default",
 "orx-split-vec 3.18.0 (registry+https://github.com/rust-lang/crates.io-index)",
]

[[package]]
name = "orx-pinned-vec"
version = "3.17.0"
source = "registry+https://github.com/rust-lang/crates.io-index"
checksum = "fcd865a63f5d56134bd5e5d7ffe6e2a6a8458d79f625ebf7b56c43292829e96c"
dependencies = [
 "orx-iterable",
 "orx-pseudo-default",
]

[[package]]
name = "orx-priority-queue"
version = "1.7.0"
source = "registry+https://github.com/rust-lang/crates.io-index"
checksum = "8706de0d8349fc6e720343aca4b28aad38010d0bc966a4bc573df0beaed99091"

[[package]]
name = "orx-pseudo-default"
version = "2.1.0"
source = "registry+https://github.com/rust-lang/crates.io-index"
checksum = "34eaace9ae01f7025804fbca40ec45b87c19ba0328d97195e01c6135897762a8"

[[package]]
name = "orx-self-or"
version = "1.2.0"
source = "registry+https://github.com/rust-lang/crates.io-index"
checksum = "67a8e35dfe18921e475b9861266fd58a5ecfd681161f242d24a9e2d1e07fbc28"

[[package]]
name = "orx-split-vec"
version = "3.18.0"
dependencies = [
 "orx-concurrent-iter 3.1.0",
 "orx-iterable",
 "orx-pinned-vec",
 "orx-pseudo-default",
]

[[package]]
name = "orx-split-vec"
version = "3.18.0"
source = "registry+https://github.com/rust-lang/crates.io-index"
checksum = "a68c641c1e26519d64b46f7012a95f58e4372642ff2740dae0f831d471a327c7"
dependencies = [
 "orx-concurrent-iter 2.3.0",
 "orx-iterable",
 "orx-pinned-vec",
 "orx-pseudo-default",
]
